
Microsoft Visual Studio Solution File, Format Version 12.00
# Visual Studio 2012
Project("{FAE04EC0-301F-11D3-BF4B-00C04F79EFBC}") = "INSURANCE", "INSURANCE\INSURANCE.csproj", "{A982FD22-CCED-429A-9E64-F36D57A2A0BF}"
EndProject
Project("{FAE04EC0-301F-11D3-BF4B-00C04F79EFBC}") = "Utility", "Utility\Utility.csproj", "{47BF6008-4DC4-4F89-AA99-F296EE984E4B}"
EndProject
Global
	GlobalSection(SolutionConfigurationPlatforms) = preSolution
		Debug|Any CPU = Debug|Any CPU
		Release|Any CPU = Release|Any CPU
	EndGlobalSection
	GlobalSection(ProjectConfigurationPlatforms) = postSolution
		{A982FD22-CCED-429A-9E64-F36D57A2A0BF}.Debug|Any CPU.ActiveCfg = Debug|Any CPU
		{A982FD22-CCED-429A-9E64-F36D57A2A0BF}.Debug|Any CPU.Build.0 = Debug|Any CPU
		{A982FD22-CCED-429A-9E64-F36D57A2A0BF}.Release|Any CPU.ActiveCfg = Release|Any CPU
		{A982FD22-CCED-429A-9E64-F36D57A2A0BF}.Release|Any CPU.Build.0 = Release|Any CPU
		{47BF6008-4DC4-4F89-AA99-F296EE984E4B}.Debug|Any CPU.ActiveCfg = Debug|Any CPU
		{47BF6008-4DC4-4F89-AA99-F296EE984E4B}.Debug|Any CPU.Build.0 = Debug|Any CPU
		{47BF6008-4DC4-4F89-AA99-F296EE984E4B}.Release|Any CPU.ActiveCfg = Release|Any CPU
		{47BF6008-4DC4-4F89-AA99-F296EE984E4B}.Release|Any CPU.Build.0 = Release|Any CPU
	EndGlobalSection
	GlobalSection(SolutionProperties) = preSolution
		HideSolutionNode = FALSE
	EndGlobalSection
EndGlobal
